
Microsoft Visual Studio Solution File, Format Version 12.00
# Visual Studio 2013
VisualStudioVersion = 12.0.31101.0
MinimumVisualStudioVersion = 10.0.40219.1
Project("{FAE04EC0-301F-11D3-BF4B-00C04F79EFBC}") = "ProjectBronzeAge.Core", "ProjectBronzeAge.Core\ProjectBronzeAge.Core.csproj", "{447DE350-9C2B-4076-B12C-FA894B15941B}"
EndProject
Project("{FAE04EC0-301F-11D3-BF4B-00C04F79EFBC}") = "ProjectBronzeAge.GameDataServer", "ProjectBronzeAge.GameDataServer\ProjectBronzeAge.GameDataServer.csproj", "{9A59ABE7-D22E-4CB5-919F-CC1EF4FB801D}"
EndProject
Project("{FAE04EC0-301F-11D3-BF4B-00C04F79EFBC}") = "ProjectBronzeAge.GamePlayServer", "ProjectBronzeAge.GamePlayServer\ProjectBronzeAge.GamePlayServer.csproj", "{6534B837-8145-47BC-A561-0DD414778089}"
EndProject
Project("{FAE04EC0-301F-11D3-BF4B-00C04F79EFBC}") = "ProjectBronzeAge.Data", "ProjectBronzeAge.Data\ProjectBronzeAge.Data.csproj", "{2DA60E3D-32A2-4708-9E8C-B1D60A1AFF87}"
EndProject
Project("{FAE04EC0-301F-11D3-BF4B-00C04F79EFBC}") = "ProjectBronzeAge.Interaction", "ProjectBronzeAge.Interaction\ProjectBronzeAge.Interaction.csproj", "{72BB2A5C-F194-4FF3-8D04-EB661C15C10C}"
EndProject
Project("{FAE04EC0-301F-11D3-BF4B-00C04F79EFBC}") = "ProjectBronzeAge.ResourceServer", "ProjectBronzeAge.ResourceServer\ProjectBronzeAge.ResourceServer.csproj", "{7F923A1C-D2CA-43A6-9496-87923D2250EA}"
EndProject
Global
	GlobalSection(SolutionConfigurationPlatforms) = preSolution
		Debug|Any CPU = Debug|Any CPU
		Release|Any CPU = Release|Any CPU
	EndGlobalSection
	GlobalSection(ProjectConfigurationPlatforms) = postSolution
		{447DE350-9C2B-4076-B12C-FA894B15941B}.Debug|Any CPU.ActiveCfg = Debug|Any CPU
		{447DE350-9C2B-4076-B12C-FA894B15941B}.Debug|Any CPU.Build.0 = Debug|Any CPU
		{447DE350-9C2B-4076-B12C-FA894B15941B}.Release|Any CPU.ActiveCfg = Release|Any CPU
		{447DE350-9C2B-4076-B12C-FA894B15941B}.Release|Any CPU.Build.0 = Release|Any CPU
		{9A59ABE7-D22E-4CB5-919F-CC1EF4FB801D}.Debug|Any CPU.ActiveCfg = Debug|Any CPU
		{9A59ABE7-D22E-4CB5-919F-CC1EF4FB801D}.Debug|Any CPU.Build.0 = Debug|Any CPU
		{9A59ABE7-D22E-4CB5-919F-CC1EF4FB801D}.Release|Any CPU.ActiveCfg = Release|Any CPU
		{9A59ABE7-D22E-4CB5-919F-CC1EF4FB801D}.Release|Any CPU.Build.0 = Release|Any CPU
		{6534B837-8145-47BC-A561-0DD414778089}.Debug|Any CPU.ActiveCfg = Debug|Any CPU
		{6534B837-8145-47BC-A561-0DD414778089}.Debug|Any CPU.Build.0 = Debug|Any CPU
		{6534B837-8145-47BC-A561-0DD414778089}.Release|Any CPU.ActiveCfg = Release|Any CPU
		{6534B837-8145-47BC-A561-0DD414778089}.Release|Any CPU.Build.0 = Release|Any CPU
		{2DA60E3D-32A2-4708-9E8C-B1D60A1AFF87}.Debug|Any CPU.ActiveCfg = Debug|Any CPU
		{2DA60E3D-32A2-4708-9E8C-B1D60A1AFF87}.Debug|Any CPU.Build.0 = Debug|Any CPU
		{2DA60E3D-32A2-4708-9E8C-B1D60A1AFF87}.Release|Any CPU.ActiveCfg = Release|Any CPU
		{2DA60E3D-32A2-4708-9E8C-B1D60A1AFF87}.Release|Any CPU.Build.0 = Release|Any CPU
		{72BB2A5C-F194-4FF3-8D04-EB661C15C10C}.Debug|Any CPU.ActiveCfg = Debug|Any CPU
		{72BB2A5C-F194-4FF3-8D04-EB661C15C10C}.Debug|Any CPU.Build.0 = Debug|Any CPU
		{72BB2A5C-F194-4FF3-8D04-EB661C15C10C}.Release|Any CPU.ActiveCfg = Release|Any CPU
		{72BB2A5C-F194-4FF3-8D04-EB661C15C10C}.Release|Any CPU.Build.0 = Release|Any CPU
		{7F923A1C-D2CA-43A6-9496-87923D2250EA}.Debug|Any CPU.ActiveCfg = Debug|Any CPU
		{7F923A1C-D2CA-43A6-9496-87923D2250EA}.Debug|Any CPU.Build.0 = Debug|Any CPU
		{7F923A1C-D2CA-43A6-9496-87923D2250EA}.Release|Any CPU.ActiveCfg = Release|Any CPU
		{7F923A1C-D2CA-43A6-9496-87923D2250EA}.Release|Any CPU.Build.0 = Release|Any CPU
	EndGlobalSection
	GlobalSection(SolutionProperties) = preSolution
		HideSolutionNode = FALSE
	EndGlobalSection
EndGlobal
