
Microsoft Visual Studio Solution File, Format Version 12.00
# Visual Studio 14
VisualStudioVersion = 14.0.22310.1
MinimumVisualStudioVersion = 10.0.40219.1
Project("{FAE04EC0-301F-11D3-BF4B-00C04F79EFBC}") = "ProjectBronzeAge.Central", "ProjectBronzeAge.Central\ProjectBronzeAge.Central.csproj", "{0E8A23EB-638B-4A9F-A622-86A737BFB8AD}"
EndProject
Project("{FAE04EC0-301F-11D3-BF4B-00C04F79EFBC}") = "CaseoMaticServer", "CaseoMaticServer\CaseoMaticServer.csproj", "{FF54611B-6EB8-4E6E-84C9-2BA1C7E3D201}"
EndProject
Global
	GlobalSection(SolutionConfigurationPlatforms) = preSolution
		Debug|Any CPU = Debug|Any CPU
		Release|Any CPU = Release|Any CPU
	EndGlobalSection
	GlobalSection(ProjectConfigurationPlatforms) = postSolution
		{0E8A23EB-638B-4A9F-A622-86A737BFB8AD}.Debug|Any CPU.ActiveCfg = Debug|Any CPU
		{0E8A23EB-638B-4A9F-A622-86A737BFB8AD}.Debug|Any CPU.Build.0 = Debug|Any CPU
		{0E8A23EB-638B-4A9F-A622-86A737BFB8AD}.Release|Any CPU.ActiveCfg = Release|Any CPU
		{0E8A23EB-638B-4A9F-A622-86A737BFB8AD}.Release|Any CPU.Build.0 = Release|Any CPU
		{FF54611B-6EB8-4E6E-84C9-2BA1C7E3D201}.Debug|Any CPU.ActiveCfg = Debug|Any CPU
		{FF54611B-6EB8-4E6E-84C9-2BA1C7E3D201}.Debug|Any CPU.Build.0 = Debug|Any CPU
		{FF54611B-6EB8-4E6E-84C9-2BA1C7E3D201}.Release|Any CPU.ActiveCfg = Release|Any CPU
		{FF54611B-6EB8-4E6E-84C9-2BA1C7E3D201}.Release|Any CPU.Build.0 = Release|Any CPU
	EndGlobalSection
	GlobalSection(SolutionProperties) = preSolution
		HideSolutionNode = FALSE
	EndGlobalSection
EndGlobal
