
Microsoft Visual Studio Solution File, Format Version 12.00
# Visual Studio 14
VisualStudioVersion = 14.0.22310.1
MinimumVisualStudioVersion = 10.0.40219.1
Project("{FAE04EC0-301F-11D3-BF4B-00C04F79EFBC}") = "ProjectBronzeAge.Core", "ProjectBronzeAge.Core\ProjectBronzeAge.Core.csproj", "{447DE350-9C2B-4076-B12C-FA894B15941B}"
EndProject
Project("{FAE04EC0-301F-11D3-BF4B-00C04F79EFBC}") = "ProjectBronzeAge.GameServer", "ProjectBronzeAge.GameServer\ProjectBronzeAge.GameServer.csproj", "{9A59ABE7-D22E-4CB5-919F-CC1EF4FB801D}"
EndProject
Global
	GlobalSection(SolutionConfigurationPlatforms) = preSolution
		Debug|Any CPU = Debug|Any CPU
		Release|Any CPU = Release|Any CPU
	EndGlobalSection
	GlobalSection(ProjectConfigurationPlatforms) = postSolution
		{447DE350-9C2B-4076-B12C-FA894B15941B}.Debug|Any CPU.ActiveCfg = Debug|Any CPU
		{447DE350-9C2B-4076-B12C-FA894B15941B}.Debug|Any CPU.Build.0 = Debug|Any CPU
		{447DE350-9C2B-4076-B12C-FA894B15941B}.Release|Any CPU.ActiveCfg = Release|Any CPU
		{447DE350-9C2B-4076-B12C-FA894B15941B}.Release|Any CPU.Build.0 = Release|Any CPU
		{9A59ABE7-D22E-4CB5-919F-CC1EF4FB801D}.Debug|Any CPU.ActiveCfg = Debug|Any CPU
		{9A59ABE7-D22E-4CB5-919F-CC1EF4FB801D}.Debug|Any CPU.Build.0 = Debug|Any CPU
		{9A59ABE7-D22E-4CB5-919F-CC1EF4FB801D}.Release|Any CPU.ActiveCfg = Release|Any CPU
		{9A59ABE7-D22E-4CB5-919F-CC1EF4FB801D}.Release|Any CPU.Build.0 = Release|Any CPU
	EndGlobalSection
	GlobalSection(SolutionProperties) = preSolution
		HideSolutionNode = FALSE
	EndGlobalSection
EndGlobal
