Microsoft Visual Studio Solution File, Format Version 11.00
# Visual Studio 2008

Project("{09379985-854B-B6E1-4752-53D4891A4B4E}") = "Project Bronze Age", "Assembly-CSharp-firstpass-vs.csproj", "{A9EFE495-B77D-82C5-08D3-F43C49E111A4}"
EndProject
Project("{09379985-854B-B6E1-4752-53D4891A4B4E}") = "Project Bronze Age", "Assembly-CSharp-vs.csproj", "{EA97CF17-CCD1-5A6C-E787-F01C8754EBF4}"
EndProject
Project("{09379985-854B-B6E1-4752-53D4891A4B4E}") = "Project Bronze Age", "Assembly-CSharp-Editor-vs.csproj", "{95FD4F4B-8DCF-9CAD-2CDD-95B8B662B3FF}"
EndProject
Global
	GlobalSection(SolutionConfigurationPlatforms) = preSolution
		Debug|Any CPU = Debug|Any CPU
		Release|Any CPU = Release|Any CPU
	EndGlobalSection
	GlobalSection(ProjectConfigurationPlatforms) = postSolution
		{A9EFE495-B77D-82C5-08D3-F43C49E111A4}.Debug|Any CPU.ActiveCfg = Debug|Any CPU
		{A9EFE495-B77D-82C5-08D3-F43C49E111A4}.Debug|Any CPU.Build.0 = Debug|Any CPU
		{A9EFE495-B77D-82C5-08D3-F43C49E111A4}.Release|Any CPU.ActiveCfg = Release|Any CPU
		{A9EFE495-B77D-82C5-08D3-F43C49E111A4}.Release|Any CPU.Build.0 = Release|Any CPU
		{EA97CF17-CCD1-5A6C-E787-F01C8754EBF4}.Debug|Any CPU.ActiveCfg = Debug|Any CPU
		{EA97CF17-CCD1-5A6C-E787-F01C8754EBF4}.Debug|Any CPU.Build.0 = Debug|Any CPU
		{EA97CF17-CCD1-5A6C-E787-F01C8754EBF4}.Release|Any CPU.ActiveCfg = Release|Any CPU
		{EA97CF17-CCD1-5A6C-E787-F01C8754EBF4}.Release|Any CPU.Build.0 = Release|Any CPU
		{95FD4F4B-8DCF-9CAD-2CDD-95B8B662B3FF}.Debug|Any CPU.ActiveCfg = Debug|Any CPU
		{95FD4F4B-8DCF-9CAD-2CDD-95B8B662B3FF}.Debug|Any CPU.Build.0 = Debug|Any CPU
		{95FD4F4B-8DCF-9CAD-2CDD-95B8B662B3FF}.Release|Any CPU.ActiveCfg = Release|Any CPU
		{95FD4F4B-8DCF-9CAD-2CDD-95B8B662B3FF}.Release|Any CPU.Build.0 = Release|Any CPU
	EndGlobalSection
	GlobalSection(SolutionProperties) = preSolution
		HideSolutionNode = FALSE
	EndGlobalSection
																																						GlobalSection(MonoDevelopProperties) = preSolution
		StartupItem = Assembly-CSharp.csproj
		Policies = $0
		$0.TextStylePolicy = $1
		$1.inheritsSet = null
		$1.scope = text/x-csharp
		$0.CSharpFormattingPolicy = $2
		$2.inheritsSet = Mono
		$2.inheritsScope = text/x-csharp
		$2.scope = text/x-csharp
		$0.TextStylePolicy = $3
		$3.FileWidth = 120
		$3.TabWidth = 4
		$3.IndentWidth = 4
		$3.EolMarker = Unix
		$3.inheritsSet = Mono
		$3.inheritsScope = text/plain
		$3.scope = text/plain
	EndGlobalSection

EndGlobal
